<?xml version="1.0" encoding="utf-8"?>
<Project ToolsVersion="4.0" xmlns="http://schemas.microsoft.com/developer/msbuild/2003">
  <ItemGroup>
    <Filter Include="KamataEngine">
      <UniqueIdentifier>{4FC737F1-C7A5-4376-A066-2A32D752A2FF}</UniqueIdentifier>
      <Extensions>cpp;c;cc;cxx;c++;cppm;ixx;def;odl;idl;hpj;bat;asm;asmx</Extensions>
    </Filter>
    <Filter Include="KamataEngine\Source">
      <UniqueIdentifier>{d966e9f8-e880-44ae-8586-a08515e4cffc}</UniqueIdentifier>
    </Filter>
    <Filter Include="KamataEngine\Include">
      <UniqueIdentifier>{4aae4e40-94f7-4d32-9a91-c0c37a2edf0d}</UniqueIdentifier>
    </Filter>
    <Filter Include="KamataEngine\Adapter">
      <UniqueIdentifier>{c6468eb4-788b-4a83-b207-a5f4804e56c5}</UniqueIdentifier>
    </Filter>
  </ItemGroup>
  <ItemGroup>
    <ClCompile Include="main.cpp" />
    <ClCompile Include="C:\KamataEngine\Adapter\Novice.cpp">
      <Filter>KamataEngine\Adapter</Filter>
    </ClCompile>
    <ClCompile Include="MathFunctions\AABB.cpp">
      <Filter>KamataEngine</Filter>
    </ClCompile>
    <ClCompile Include="MathFunctions\AffineMatrix.cpp">
      <Filter>KamataEngine</Filter>
    </ClCompile>
    <ClCompile Include="MathFunctions\Bezier.cpp">
      <Filter>KamataEngine</Filter>
    </ClCompile>
    <ClCompile Include="MathFunctions\Camera.cpp">
      <Filter>KamataEngine</Filter>
    </ClCompile>
    <ClCompile Include="MathFunctions\CollisionFunctions.cpp">
      <Filter>KamataEngine</Filter>
    </ClCompile>
    <ClCompile Include="MathFunctions\DrawGrid.cpp">
      <Filter>KamataEngine</Filter>
    </ClCompile>
    <ClCompile Include="MathFunctions\Lines.cpp">
      <Filter>KamataEngine</Filter>
    </ClCompile>
    <ClCompile Include="MathFunctions\Matrix4x4.cpp">
      <Filter>KamataEngine</Filter>
    </ClCompile>
    <ClCompile Include="MathFunctions\Plane.cpp">
      <Filter>KamataEngine</Filter>
    </ClCompile>
    <ClCompile Include="MathFunctions\RenderingPipeline.cpp">
      <Filter>KamataEngine</Filter>
    </ClCompile>
    <ClCompile Include="MathFunctions\ScreenPrintf.cpp">
      <Filter>KamataEngine</Filter>
    </ClCompile>
    <ClCompile Include="MathFunctions\Sphere.cpp">
      <Filter>KamataEngine</Filter>
    </ClCompile>
    <ClCompile Include="MathFunctions\Triangle.cpp">
      <Filter>KamataEngine</Filter>
    </ClCompile>
    <ClCompile Include="MathFunctions\Vector3.cpp">
      <Filter>KamataEngine</Filter>
    </ClCompile>
    <ClCompile Include="Physics\ConicalPendulum.cpp">
      <Filter>KamataEngine</Filter>
    </ClCompile>
    <ClCompile Include="Physics\Pendulum.cpp">
      <Filter>KamataEngine</Filter>
    </ClCompile>
  </ItemGroup>
  <ItemGroup>
    <ClInclude Include="C:\KamataEngine\Adapter\Novice.h">
      <Filter>KamataEngine\Adapter</Filter>
    </ClInclude>
    <ClInclude Include="MathFunctions\AABB.h" />
    <ClInclude Include="MathFunctions\AffineMatrix.h" />
    <ClInclude Include="MathFunctions\Bezier.h" />
    <ClInclude Include="MathFunctions\Camera.h" />
    <ClInclude Include="MathFunctions\CollisionFunctions.h" />
    <ClInclude Include="MathFunctions\DrawGrid.h" />
    <ClInclude Include="MathFunctions\Lines.h" />
    <ClInclude Include="MathFunctions\Matrix4x4.h" />
    <ClInclude Include="MathFunctions\Plane.h" />
    <ClInclude Include="MathFunctions\RenderingPipeline.h" />
    <ClInclude Include="MathFunctions\ScreenPrintf.h" />
    <ClInclude Include="MathFunctions\Sphere.h" />
    <ClInclude Include="MathFunctions\Triangle.h" />
    <ClInclude Include="MathFunctions\Vector3.h" />
    <ClInclude Include="Physics\Ball.h" />
    <ClInclude Include="Physics\ConicalPendulum.h" />
    <ClInclude Include="Physics\Pendulum.h" />
    <ClInclude Include="Physics\Spring.h" />
    <ClInclude Include="MathFunctions\Quaternion.h" />
  </ItemGroup>
</Project>